
Microsoft Visual Studio Solution File, Format Version 11.00
# Visual Studio 2010
Project("{FAE04EC0-301F-11D3-BF4B-00C04F79EFBC}") = "KinHelper.Model", "KinHelper.Model\KinHelper.Model.csproj", "{C945E6C8-5393-4400-91B8-9E36A0B22049}"
EndProject
Project("{FAE04EC0-301F-11D3-BF4B-00C04F79EFBC}") = "KinHelper.Web", "KinHelper.Web\KinHelper.Web.csproj", "{FDD69960-EC3B-4A39-80A5-2FC736B5C5A1}"
EndProject
Global
	GlobalSection(SolutionConfigurationPlatforms) = preSolution
		Debug|Any CPU = Debug|Any CPU
		Debug|Mixed Platforms = Debug|Mixed Platforms
		Debug|x86 = Debug|x86
		Release|Any CPU = Release|Any CPU
		Release|Mixed Platforms = Release|Mixed Platforms
		Release|x86 = Release|x86
	EndGlobalSection
	GlobalSection(ProjectConfigurationPlatforms) = postSolution
		{C945E6C8-5393-4400-91B8-9E36A0B22049}.Debug|Any CPU.ActiveCfg = Debug|Any CPU
		{C945E6C8-5393-4400-91B8-9E36A0B22049}.Debug|Any CPU.Build.0 = Debug|Any CPU
		{C945E6C8-5393-4400-91B8-9E36A0B22049}.Debug|Mixed Platforms.ActiveCfg = Debug|Any CPU
		{C945E6C8-5393-4400-91B8-9E36A0B22049}.Debug|Mixed Platforms.Build.0 = Debug|Any CPU
		{C945E6C8-5393-4400-91B8-9E36A0B22049}.Debug|x86.ActiveCfg = Debug|Any CPU
		{C945E6C8-5393-4400-91B8-9E36A0B22049}.Release|Any CPU.ActiveCfg = Release|Any CPU
		{C945E6C8-5393-4400-91B8-9E36A0B22049}.Release|Any CPU.Build.0 = Release|Any CPU
		{C945E6C8-5393-4400-91B8-9E36A0B22049}.Release|Mixed Platforms.ActiveCfg = Release|Any CPU
		{C945E6C8-5393-4400-91B8-9E36A0B22049}.Release|Mixed Platforms.Build.0 = Release|Any CPU
		{C945E6C8-5393-4400-91B8-9E36A0B22049}.Release|x86.ActiveCfg = Release|Any CPU
		{FDD69960-EC3B-4A39-80A5-2FC736B5C5A1}.Debug|Any CPU.ActiveCfg = Debug|Any CPU
		{FDD69960-EC3B-4A39-80A5-2FC736B5C5A1}.Debug|Any CPU.Build.0 = Debug|Any CPU
		{FDD69960-EC3B-4A39-80A5-2FC736B5C5A1}.Debug|Mixed Platforms.ActiveCfg = Debug|Any CPU
		{FDD69960-EC3B-4A39-80A5-2FC736B5C5A1}.Debug|Mixed Platforms.Build.0 = Debug|Any CPU
		{FDD69960-EC3B-4A39-80A5-2FC736B5C5A1}.Debug|x86.ActiveCfg = Debug|Any CPU
		{FDD69960-EC3B-4A39-80A5-2FC736B5C5A1}.Release|Any CPU.ActiveCfg = Release|Any CPU
		{FDD69960-EC3B-4A39-80A5-2FC736B5C5A1}.Release|Any CPU.Build.0 = Release|Any CPU
		{FDD69960-EC3B-4A39-80A5-2FC736B5C5A1}.Release|Mixed Platforms.ActiveCfg = Release|Any CPU
		{FDD69960-EC3B-4A39-80A5-2FC736B5C5A1}.Release|Mixed Platforms.Build.0 = Release|Any CPU
		{FDD69960-EC3B-4A39-80A5-2FC736B5C5A1}.Release|x86.ActiveCfg = Release|Any CPU
	EndGlobalSection
	GlobalSection(SolutionProperties) = preSolution
		HideSolutionNode = FALSE
	EndGlobalSection
EndGlobal
